Microsoft Visual Studio Solution File, Format Version 11.00
# Visual Studio 2008

Project("{2DB58637-AA99-1290-969A-1B31ACEE21DC}") = "A*_TUT", "Assembly-CSharp-firstpass.csproj", "{331C2C93-F7AC-1FF1-69E5-07026C468391}"
EndProject
Project("{2DB58637-AA99-1290-969A-1B31ACEE21DC}") = "A*_TUT", "Assembly-CSharp.csproj", "{C7E8F156-ACB8-81F9-38CD-30DA206B06EE}"
EndProject
Project("{2DB58637-AA99-1290-969A-1B31ACEE21DC}") = "A*_TUT", "Assembly-CSharp-Editor.csproj", "{D266FC2C-4FCE-675D-6012-D117E08CEC81}"
EndProject
Project("{2DB58637-AA99-1290-969A-1B31ACEE21DC}") = "A*_TUT", "Assembly-UnityScript-firstpass.unityproj", "{3BBDEC85-2E7D-F88C-9895-8B7BED02EDAF}"
EndProject
Global
	GlobalSection(SolutionConfigurationPlatforms) = preSolution
		Debug|Any CPU = Debug|Any CPU
		Release|Any CPU = Release|Any CPU
	EndGlobalSection
	GlobalSection(ProjectConfigurationPlatforms) = postSolution
		{331C2C93-F7AC-1FF1-69E5-07026C468391}.Debug|Any CPU.ActiveCfg = Debug|Any CPU
		{331C2C93-F7AC-1FF1-69E5-07026C468391}.Debug|Any CPU.Build.0 = Debug|Any CPU
		{331C2C93-F7AC-1FF1-69E5-07026C468391}.Release|Any CPU.ActiveCfg = Release|Any CPU
		{331C2C93-F7AC-1FF1-69E5-07026C468391}.Release|Any CPU.Build.0 = Release|Any CPU
		{C7E8F156-ACB8-81F9-38CD-30DA206B06EE}.Debug|Any CPU.ActiveCfg = Debug|Any CPU
		{C7E8F156-ACB8-81F9-38CD-30DA206B06EE}.Debug|Any CPU.Build.0 = Debug|Any CPU
		{C7E8F156-ACB8-81F9-38CD-30DA206B06EE}.Release|Any CPU.ActiveCfg = Release|Any CPU
		{C7E8F156-ACB8-81F9-38CD-30DA206B06EE}.Release|Any CPU.Build.0 = Release|Any CPU
		{D266FC2C-4FCE-675D-6012-D117E08CEC81}.Debug|Any CPU.ActiveCfg = Debug|Any CPU
		{D266FC2C-4FCE-675D-6012-D117E08CEC81}.Debug|Any CPU.Build.0 = Debug|Any CPU
		{D266FC2C-4FCE-675D-6012-D117E08CEC81}.Release|Any CPU.ActiveCfg = Release|Any CPU
		{D266FC2C-4FCE-675D-6012-D117E08CEC81}.Release|Any CPU.Build.0 = Release|Any CPU
		{3BBDEC85-2E7D-F88C-9895-8B7BED02EDAF}.Debug|Any CPU.ActiveCfg = Debug|Any CPU
		{3BBDEC85-2E7D-F88C-9895-8B7BED02EDAF}.Debug|Any CPU.Build.0 = Debug|Any CPU
		{3BBDEC85-2E7D-F88C-9895-8B7BED02EDAF}.Release|Any CPU.ActiveCfg = Release|Any CPU
		{3BBDEC85-2E7D-F88C-9895-8B7BED02EDAF}.Release|Any CPU.Build.0 = Release|Any CPU
	EndGlobalSection
	GlobalSection(SolutionProperties) = preSolution
		HideSolutionNode = FALSE
	EndGlobalSection
				GlobalSection(MonoDevelopProperties) = preSolution
		StartupItem = Assembly-CSharp.csproj
		Policies = $0
		$0.TextStylePolicy = $1
		$1.inheritsSet = null
		$1.scope = text/x-csharp
		$0.CSharpFormattingPolicy = $2
		$2.inheritsSet = Mono
		$2.inheritsScope = text/x-csharp
		$2.scope = text/x-csharp
		$0.TextStylePolicy = $3
		$3.FileWidth = 120
		$3.TabWidth = 4
		$3.EolMarker = Unix
		$3.inheritsSet = Mono
		$3.inheritsScope = text/plain
		$3.scope = text/plain
	EndGlobalSection

EndGlobal
